
Microsoft Visual Studio Solution File, Format Version 12.00
# Visual Studio Version 17
VisualStudioVersion = 17.0.31903.59
MinimumVisualStudioVersion = 10.0.40219.1
Project("{FAE04EC0-301F-11D3-BF4B-00C04F79EFBC}") = "TiboMonitor.Core", "src\TiboMonitor.Core\TiboMonitor.Core.csproj", "{D1E01259-EC1D-487E-8FBA-A910EFC48942}"
EndProject
Project("{FAE04EC0-301F-11D3-BF4B-00C04F79EFBC}") = "TiboMonitor.App", "src\TiboMonitor.App\TiboMonitor.App.csproj", "{7F988F0C-B6C0-4206-A1BF-9C985DEEC6EC}"
EndProject
Project("{FAE04EC0-301F-11D3-BF4B-00C04F79EFBC}") = "TiboMonitor.Tests", "tests\TiboMonitor.Tests\TiboMonitor.Tests.csproj", "{AE6D4852-A121-469F-B60B-C6407B47853E}"
EndProject
Global
	GlobalSection(SolutionConfigurationPlatforms) = preSolution
		Debug|Any CPU = Debug|Any CPU
		Release|Any CPU = Release|Any CPU
	EndGlobalSection
	GlobalSection(ProjectConfigurationPlatforms) = postSolution
		{D1E01259-EC1D-487E-8FBA-A910EFC48942}.Debug|Any CPU.ActiveCfg = Debug|Any CPU
		{D1E01259-EC1D-487E-8FBA-A910EFC48942}.Debug|Any CPU.Build.0 = Debug|Any CPU
		{D1E01259-EC1D-487E-8FBA-A910EFC48942}.Release|Any CPU.ActiveCfg = Release|Any CPU
		{D1E01259-EC1D-487E-8FBA-A910EFC48942}.Release|Any CPU.Build.0 = Release|Any CPU
		{7F988F0C-B6C0-4206-A1BF-9C985DEEC6EC}.Debug|Any CPU.ActiveCfg = Debug|Any CPU
		{7F988F0C-B6C0-4206-A1BF-9C985DEEC6EC}.Debug|Any CPU.Build.0 = Debug|Any CPU
		{7F988F0C-B6C0-4206-A1BF-9C985DEEC6EC}.Release|Any CPU.ActiveCfg = Release|Any CPU
		{7F988F0C-B6C0-4206-A1BF-9C985DEEC6EC}.Release|Any CPU.Build.0 = Release|Any CPU
		{AE6D4852-A121-469F-B60B-C6407B47853E}.Debug|Any CPU.ActiveCfg = Debug|Any CPU
		{AE6D4852-A121-469F-B60B-C6407B47853E}.Debug|Any CPU.Build.0 = Debug|Any CPU
		{AE6D4852-A121-469F-B60B-C6407B47853E}.Release|Any CPU.ActiveCfg = Release|Any CPU
		{AE6D4852-A121-469F-B60B-C6407B47853E}.Release|Any CPU.Build.0 = Release|Any CPU
	EndGlobalSection
EndGlobal
